
Microsoft Visual Studio Solution File, Format Version 12.00
# Visual Studio 15
VisualStudioVersion = 15.0.27130.2003
MinimumVisualStudioVersion = 10.0.40219.1
Project("{9A19103F-16F7-4668-BE54-9A1E7A4F7556}") = "TestParser", "TestParser\TestParser.csproj", "{92B2C830-627F-424E-9082-1ECE274B395E}"
EndProject
Project("{FAE04EC0-301F-11D3-BF4B-00C04F79EFBC}") = "TestParser.Tests", "TestParser.Tests\TestParser.Tests.csproj", "{705F0B2C-D81A-4E39-B96E-2FA99858DDE7}"
EndProject
Global
	GlobalSection(SolutionConfigurationPlatforms) = preSolution
		Debug|Any CPU = Debug|Any CPU
		Release|Any CPU = Release|Any CPU
	EndGlobalSection
	GlobalSection(ProjectConfigurationPlatforms) = postSolution
		{92B2C830-627F-424E-9082-1ECE274B395E}.Debug|Any CPU.ActiveCfg = Debug|Any CPU
		{92B2C830-627F-424E-9082-1ECE274B395E}.Debug|Any CPU.Build.0 = Debug|Any CPU
		{92B2C830-627F-424E-9082-1ECE274B395E}.Release|Any CPU.ActiveCfg = Release|Any CPU
		{92B2C830-627F-424E-9082-1ECE274B395E}.Release|Any CPU.Build.0 = Release|Any CPU
		{705F0B2C-D81A-4E39-B96E-2FA99858DDE7}.Debug|Any CPU.ActiveCfg = Debug|Any CPU
		{705F0B2C-D81A-4E39-B96E-2FA99858DDE7}.Debug|Any CPU.Build.0 = Debug|Any CPU
		{705F0B2C-D81A-4E39-B96E-2FA99858DDE7}.Release|Any CPU.ActiveCfg = Release|Any CPU
		{705F0B2C-D81A-4E39-B96E-2FA99858DDE7}.Release|Any CPU.Build.0 = Release|Any CPU
	EndGlobalSection
	GlobalSection(SolutionProperties) = preSolution
		HideSolutionNode = FALSE
	EndGlobalSection
	GlobalSection(ExtensibilityGlobals) = postSolution
		SolutionGuid = {26ABE80C-95AF-4965-BB34-B3169DAFD85A}
	EndGlobalSection
EndGlobal
